
Microsoft Visual Studio Solution File, Format Version 12.00
# Visual Studio Version 17
VisualStudioVersion = 17.13.35931.197 d17.13
MinimumVisualStudioVersion = 10.0.40219.1
Project("{FAE04EC0-301F-11D3-BF4B-00C04F79EFBC}") = "MouseInputProject", "MouseInputProject.csproj", "{015835F5-6520-408D-B8C4-C1C5BCB4C2A8}"
EndProject
Global
	GlobalSection(SolutionConfigurationPlatforms) = preSolution
		Debug|Any CPU = Debug|Any CPU
		Release|Any CPU = Release|Any CPU
	EndGlobalSection
	GlobalSection(ProjectConfigurationPlatforms) = postSolution
		{015835F5-6520-408D-B8C4-C1C5BCB4C2A8}.Debug|Any CPU.ActiveCfg = Debug|Any CPU
		{015835F5-6520-408D-B8C4-C1C5BCB4C2A8}.Debug|Any CPU.Build.0 = Debug|Any CPU
		{015835F5-6520-408D-B8C4-C1C5BCB4C2A8}.Release|Any CPU.ActiveCfg = Release|Any CPU
		{015835F5-6520-408D-B8C4-C1C5BCB4C2A8}.Release|Any CPU.Build.0 = Release|Any CPU
	EndGlobalSection
	GlobalSection(SolutionProperties) = preSolution
		HideSolutionNode = FALSE
	EndGlobalSection
	GlobalSection(ExtensibilityGlobals) = postSolution
		SolutionGuid = {989B87A8-A155-4204-8FA6-B037D2B6893A}
	EndGlobalSection
EndGlobal
