
Microsoft Visual Studio Solution File, Format Version 12.00
# Visual Studio Version 17
VisualStudioVersion = 17.13.35931.197 d17.13
MinimumVisualStudioVersion = 10.0.40219.1
Project("{FAE04EC0-301F-11D3-BF4B-00C04F79EFBC}") = "CameraProject", "CameraProject.csproj", "{63D6DF76-1467-40CE-9405-A6EE66674F84}"
EndProject
Global
	GlobalSection(SolutionConfigurationPlatforms) = preSolution
		Debug|Any CPU = Debug|Any CPU
		Release|Any CPU = Release|Any CPU
	EndGlobalSection
	GlobalSection(ProjectConfigurationPlatforms) = postSolution
		{63D6DF76-1467-40CE-9405-A6EE66674F84}.Debug|Any CPU.ActiveCfg = Debug|Any CPU
		{63D6DF76-1467-40CE-9405-A6EE66674F84}.Debug|Any CPU.Build.0 = Debug|Any CPU
		{63D6DF76-1467-40CE-9405-A6EE66674F84}.Release|Any CPU.ActiveCfg = Release|Any CPU
		{63D6DF76-1467-40CE-9405-A6EE66674F84}.Release|Any CPU.Build.0 = Release|Any CPU
	EndGlobalSection
	GlobalSection(SolutionProperties) = preSolution
		HideSolutionNode = FALSE
	EndGlobalSection
	GlobalSection(ExtensibilityGlobals) = postSolution
		SolutionGuid = {0DA87105-11D1-4924-8EA0-2C5469D71F40}
	EndGlobalSection
EndGlobal
